# THIS IS AN AUTOGENERATED FILE. DO NOT EDIT THIS FILE DIRECTLY.
# yarn lockfile v1


"jsencrypt@^3.2.1":
  "integrity" "sha1-CXZpg8x2AIj/JrEv5+V0JSr5dyc="
  "resolved" "https://registry.nlark.com/jsencrypt/download/jsencrypt-3.2.1.tgz"
  "version" "3.2.1"

"moment@^2.29.1":
  "integrity" "sha1-sr52n6MZQL6e7qZGnAdeNQBvo9M="
  "resolved" "https://registry.nlark.com/moment/download/moment-2.29.1.tgz"
  "version" "2.29.1"
